
Microsoft Visual Studio Solution File, Format Version 12.00
# Visual Studio Version 16
VisualStudioVersion = 16.0.30225.117
MinimumVisualStudioVersion = 10.0.40219.1
Project("{FAE04EC0-301F-11D3-BF4B-00C04F79EFBC}") = "NeYesek", "NeYesek\NeYesek.csproj", "{EA4850D9-E94E-4611-8DA2-0A06BB077457}"
EndProject
Global
	GlobalSection(SolutionConfigurationPlatforms) = preSolution
		Debug|Any CPU = Debug|Any CPU
		Release|Any CPU = Release|Any CPU
	EndGlobalSection
	GlobalSection(ProjectConfigurationPlatforms) = postSolution
		{EA4850D9-E94E-4611-8DA2-0A06BB077457}.Debug|Any CPU.ActiveCfg = Debug|Any CPU
		{EA4850D9-E94E-4611-8DA2-0A06BB077457}.Debug|Any CPU.Build.0 = Debug|Any CPU
		{EA4850D9-E94E-4611-8DA2-0A06BB077457}.Release|Any CPU.ActiveCfg = Release|Any CPU
		{EA4850D9-E94E-4611-8DA2-0A06BB077457}.Release|Any CPU.Build.0 = Release|Any CPU
	EndGlobalSection
	GlobalSection(SolutionProperties) = preSolution
		HideSolutionNode = FALSE
	EndGlobalSection
	GlobalSection(ExtensibilityGlobals) = postSolution
		SolutionGuid = {B423EF3D-C55A-4AB0-9813-B074C7094F0F}
	EndGlobalSection
EndGlobal
